// !$*UTF8*$!
{
	archiveVersion = 1;
	classes = {
	};
	objectVersion = 56;
	objects = {

/* Begin PBXBuildFile section */
		078174003008468A000ACABA /* VocabularyMVPApp.swift in Sources */ = {isa = PBXBuildFile; fileRef = 078173FF3008468A000ACABA /* VocabularyMVPApp.swift */; };
		078174043008468B000ACABA /* Assets.xcassets in Resources */ = {isa = PBXBuildFile; fileRef = 078174033008468B000ACABA /* Assets.xcassets */; };
		078174073008468B000ACABA /* Preview Assets.xcassets in Resources */ = {isa = PBXBuildFile; fileRef = 078174063008468B000ACABA /* Preview Assets.xcassets */; };
		078174113008468B000ACABA /* VocabularyMVPTests.swift in Sources */ = {isa = PBXBuildFile; fileRef = 078174103008468B000ACABA /* VocabularyMVPTests.swift */; };
		0781741B3008468B000ACABA /* VocabularyMVPUITests.swift in Sources */ = {isa = PBXBuildFile; fileRef = 0781741A3008468B000ACABA /* VocabularyMVPUITests.swift */; };
		0781741D3008468B000ACABA /* VocabularyMVPUITestsLaunchTests.swift in Sources */ = {isa = PBXBuildFile; fileRef = 0781741C3008468B000ACABA /* VocabularyMVPUITestsLaunchTests.swift */; };
		AB20000000000000000000001 /* RootView.swift in Sources */ = {isa = PBXBuildFile; fileRef = AB10000000000000000000001 /* RootView.swift */; };
		AB20000000000000000000002 /* Theme.swift in Sources */ = {isa = PBXBuildFile; fileRef = AB10000000000000000000002 /* Theme.swift */; };
		AB20000000000000000000003 /* Haptics.swift in Sources */ = {isa = PBXBuildFile; fileRef = AB10000000000000000000003 /* Haptics.swift */; };
		AB20000000000000000000004 /* PrimaryButtonStyle.swift in Sources */ = {isa = PBXBuildFile; fileRef = AB10000000000000000000004 /* PrimaryButtonStyle.swift */; };
		AB20000000000000000000005 /* SelectableRow.swift in Sources */ = {isa = PBXBuildFile; fileRef = AB10000000000000000000005 /* SelectableRow.swift */; };
		AB20000000000000000000006 /* OnboardingProfile.swift in Sources */ = {isa = PBXBuildFile; fileRef = AB10000000000000000000006 /* OnboardingProfile.swift */; };
		AB20000000000000000000007 /* OnboardingStep.swift in Sources */ = {isa = PBXBuildFile; fileRef = AB10000000000000000000007 /* OnboardingStep.swift */; };
		AB20000000000000000000008 /* OnboardingFlow.swift in Sources */ = {isa = PBXBuildFile; fileRef = AB10000000000000000000008 /* OnboardingFlow.swift */; };
		AB20000000000000000000009 /* OnboardingCoordinator.swift in Sources */ = {isa = PBXBuildFile; fileRef = AB10000000000000000000009 /* OnboardingCoordinator.swift */; };
		AB2000000000000000000000A /* OnboardingView.swift in Sources */ = {isa = PBXBuildFile; fileRef = AB1000000000000000000000A /* OnboardingView.swift */; };
		AB2000000000000000000000B /* WelcomeStepView.swift in Sources */ = {isa = PBXBuildFile; fileRef = AB1000000000000000000000B /* WelcomeStepView.swift */; };
		AB2000000000000000000000C /* InfoStepView.swift in Sources */ = {isa = PBXBuildFile; fileRef = AB1000000000000000000000C /* InfoStepView.swift */; };
		AB2000000000000000000000D /* SingleSelectStepView.swift in Sources */ = {isa = PBXBuildFile; fileRef = AB1000000000000000000000D /* SingleSelectStepView.swift */; };
		AB2000000000000000000000E /* MultiSelectStepView.swift in Sources */ = {isa = PBXBuildFile; fileRef = AB1000000000000000000000E /* MultiSelectStepView.swift */; };
		AB2000000000000000000000F /* TextInputStepView.swift in Sources */ = {isa = PBXBuildFile; fileRef = AB1000000000000000000000F /* TextInputStepView.swift */; };
		AB20000000000000000000010 /* VoicePickerStepView.swift in Sources */ = {isa = PBXBuildFile; fileRef = AB10000000000000000000010 /* VoicePickerStepView.swift */; };
		AB20000000000000000000011 /* StreakPreviewStepView.swift in Sources */ = {isa = PBXBuildFile; fileRef = AB10000000000000000000011 /* StreakPreviewStepView.swift */; };
		AB20000000000000000000012 /* WordCardPreviewStepView.swift in Sources */ = {isa = PBXBuildFile; fileRef = AB10000000000000000000012 /* WordCardPreviewStepView.swift */; };
		AB20000000000000000000013 /* SpeechService.swift in Sources */ = {isa = PBXBuildFile; fileRef = AB10000000000000000000013 /* SpeechService.swift */; };
		AB20000000000000000000014 /* Word.swift in Sources */ = {isa = PBXBuildFile; fileRef = AB10000000000000000000014 /* Word.swift */; };
		AB20000000000000000000015 /* WordInteraction.swift in Sources */ = {isa = PBXBuildFile; fileRef = AB10000000000000000000015 /* WordInteraction.swift */; };
		AB20000000000000000000016 /* APIClient.swift in Sources */ = {isa = PBXBuildFile; fileRef = AB10000000000000000000016 /* APIClient.swift */; };
		AB20000000000000000000017 /* MockAPIClient.swift in Sources */ = {isa = PBXBuildFile; fileRef = AB10000000000000000000017 /* MockAPIClient.swift */; };
		AB20000000000000000000018 /* URLSessionAPIClient.swift in Sources */ = {isa = PBXBuildFile; fileRef = AB10000000000000000000018 /* URLSessionAPIClient.swift */; };
		AB20000000000000000000019 /* WordRepository.swift in Sources */ = {isa = PBXBuildFile; fileRef = AB10000000000000000000019 /* WordRepository.swift */; };
		AB2000000000000000000001A /* PersonalizationService.swift in Sources */ = {isa = PBXBuildFile; fileRef = AB1000000000000000000001A /* PersonalizationService.swift */; };
		AB2000000000000000000001B /* FeedView.swift in Sources */ = {isa = PBXBuildFile; fileRef = AB1000000000000000000001B /* FeedView.swift */; };
		AB2000000000000000000001C /* FeedViewModel.swift in Sources */ = {isa = PBXBuildFile; fileRef = AB1000000000000000000001C /* FeedViewModel.swift */; };
		AB2000000000000000000001D /* WordCardView.swift in Sources */ = {isa = PBXBuildFile; fileRef = AB1000000000000000000001D /* WordCardView.swift */; };
		AB2000000000000000000001E /* WordDetailSheet.swift in Sources */ = {isa = PBXBuildFile; fileRef = AB1000000000000000000001E /* WordDetailSheet.swift */; };
		AB2000000000000000000001F /* ProfileSheet.swift in Sources */ = {isa = PBXBuildFile; fileRef = AB1000000000000000000001F /* ProfileSheet.swift */; };
		AB20000000000000000000020 /* words.json in Resources */ = {isa = PBXBuildFile; fileRef = AB10000000000000000000020 /* words.json */; };
		AB20000000000000000000021 /* WordShareSheet.swift in Sources */ = {isa = PBXBuildFile; fileRef = AB10000000000000000000021 /* WordShareSheet.swift */; };
		AB20000000000000000000022 /* WordListView.swift in Sources */ = {isa = PBXBuildFile; fileRef = AB10000000000000000000022 /* WordListView.swift */; };
		AB20000000000000000000023 /* WordCollection.swift in Sources */ = {isa = PBXBuildFile; fileRef = AB10000000000000000000023 /* WordCollection.swift */; };
		AB20000000000000000000024 /* WordRowCard.swift in Sources */ = {isa = PBXBuildFile; fileRef = AB10000000000000000000024 /* WordRowCard.swift */; };
		AB20000000000000000000025 /* SearchBar.swift in Sources */ = {isa = PBXBuildFile; fileRef = AB10000000000000000000025 /* SearchBar.swift */; };
		AB20000000000000000000026 /* CollectionsListView.swift in Sources */ = {isa = PBXBuildFile; fileRef = AB10000000000000000000026 /* CollectionsListView.swift */; };
		AB20000000000000000000027 /* NewCollectionView.swift in Sources */ = {isa = PBXBuildFile; fileRef = AB10000000000000000000027 /* NewCollectionView.swift */; };
		AB20000000000000000000028 /* CollectionDetailView.swift in Sources */ = {isa = PBXBuildFile; fileRef = AB10000000000000000000028 /* CollectionDetailView.swift */; };
		AB20000000000000000000029 /* CollectionPickerSheet.swift in Sources */ = {isa = PBXBuildFile; fileRef = AB10000000000000000000029 /* CollectionPickerSheet.swift */; };
		AB2000000000000000000002A /* BackButton.swift in Sources */ = {isa = PBXBuildFile; fileRef = AB1000000000000000000002A /* BackButton.swift */; };
		AB2000000000000000000002B /* PronunciationService.swift in Sources */ = {isa = PBXBuildFile; fileRef = AB1000000000000000000002B /* PronunciationService.swift */; };
		AB2000000000000000000002C /* PronunciationCheckView.swift in Sources */ = {isa = PBXBuildFile; fileRef = AB1000000000000000000002C /* PronunciationCheckView.swift */; };
		AB2000000000000000000002D /* VoiceList.swift in Sources */ = {isa = PBXBuildFile; fileRef = AB1000000000000000000002D /* VoiceList.swift */; };
		AB60000000000000000000001 /* TestSupport.swift in Sources */ = {isa = PBXBuildFile; fileRef = AB50000000000000000000001 /* TestSupport.swift */; };
		AB60000000000000000000002 /* PersonalizationServiceTests.swift in Sources */ = {isa = PBXBuildFile; fileRef = AB50000000000000000000002 /* PersonalizationServiceTests.swift */; };
		AB60000000000000000000003 /* OnboardingTests.swift in Sources */ = {isa = PBXBuildFile; fileRef = AB50000000000000000000003 /* OnboardingTests.swift */; };
		AB60000000000000000000004 /* NetworkingTests.swift in Sources */ = {isa = PBXBuildFile; fileRef = AB50000000000000000000004 /* NetworkingTests.swift */; };
		AB60000000000000000000005 /* FeedViewModelTests.swift in Sources */ = {isa = PBXBuildFile; fileRef = AB50000000000000000000005 /* FeedViewModelTests.swift */; };
/* End PBXBuildFile section */

/* Begin PBXContainerItemProxy section */
		0781740D3008468B000ACABA /* PBXContainerItemProxy */ = {
			isa = PBXContainerItemProxy;
			containerPortal = 078173F43008468A000ACABA /* Project object */;
			proxyType = 1;
			remoteGlobalIDString = 078173FB3008468A000ACABA;
			remoteInfo = VocabularyMVP;
		};
		078174173008468B000ACABA /* PBXContainerItemProxy */ = {
			isa = PBXContainerItemProxy;
			containerPortal = 078173F43008468A000ACABA /* Project object */;
			proxyType = 1;
			remoteGlobalIDString = 078173FB3008468A000ACABA;
			remoteInfo = VocabularyMVP;
		};
/* End PBXContainerItemProxy section */

/* Begin PBXFileReference section */
		078173FC3008468A000ACABA /* VocabularyMVP.app */ = {isa = PBXFileReference; explicitFileType = wrapper.application; includeInIndex = 0; path = VocabularyMVP.app; sourceTree = BUILT_PRODUCTS_DIR; };
		078173FF3008468A000ACABA /* VocabularyMVPApp.swift */ = {isa = PBXFileReference; lastKnownFileType = sourcecode.swift; path = VocabularyMVPApp.swift; sourceTree = "<group>"; };
		078174033008468B000ACABA /* Assets.xcassets */ = {isa = PBXFileReference; lastKnownFileType = folder.assetcatalog; path = Assets.xcassets; sourceTree = "<group>"; };
		078174063008468B000ACABA /* Preview Assets.xcassets */ = {isa = PBXFileReference; lastKnownFileType = folder.assetcatalog; path = "Preview Assets.xcassets"; sourceTree = "<group>"; };
		0781740C3008468B000ACABA /* VocabularyMVPTests.xctest */ = {isa = PBXFileReference; explicitFileType = wrapper.cfbundle; includeInIndex = 0; path = VocabularyMVPTests.xctest; sourceTree = BUILT_PRODUCTS_DIR; };
		078174103008468B000ACABA /* VocabularyMVPTests.swift */ = {isa = PBXFileReference; lastKnownFileType = sourcecode.swift; path = VocabularyMVPTests.swift; sourceTree = "<group>"; };
		078174163008468B000ACABA /* VocabularyMVPUITests.xctest */ = {isa = PBXFileReference; explicitFileType = wrapper.cfbundle; includeInIndex = 0; path = VocabularyMVPUITests.xctest; sourceTree = BUILT_PRODUCTS_DIR; };
		0781741A3008468B000ACABA /* VocabularyMVPUITests.swift */ = {isa = PBXFileReference; lastKnownFileType = sourcecode.swift; path = VocabularyMVPUITests.swift; sourceTree = "<group>"; };
		0781741C3008468B000ACABA /* VocabularyMVPUITestsLaunchTests.swift */ = {isa = PBXFileReference; lastKnownFileType = sourcecode.swift; path = VocabularyMVPUITestsLaunchTests.swift; sourceTree = "<group>"; };
		AB10000000000000000000001 /* RootView.swift */ = {isa = PBXFileReference; lastKnownFileType = sourcecode.swift; path = RootView.swift; sourceTree = "<group>"; };
		AB10000000000000000000002 /* Theme.swift */ = {isa = PBXFileReference; lastKnownFileType = sourcecode.swift; path = Theme.swift; sourceTree = "<group>"; };
		AB10000000000000000000003 /* Haptics.swift */ = {isa = PBXFileReference; lastKnownFileType = sourcecode.swift; path = Haptics.swift; sourceTree = "<group>"; };
		AB10000000000000000000004 /* PrimaryButtonStyle.swift */ = {isa = PBXFileReference; lastKnownFileType = sourcecode.swift; path = PrimaryButtonStyle.swift; sourceTree = "<group>"; };
		AB10000000000000000000005 /* SelectableRow.swift */ = {isa = PBXFileReference; lastKnownFileType = sourcecode.swift; path = SelectableRow.swift; sourceTree = "<group>"; };
		AB10000000000000000000006 /* OnboardingProfile.swift */ = {isa = PBXFileReference; lastKnownFileType = sourcecode.swift; path = OnboardingProfile.swift; sourceTree = "<group>"; };
		AB10000000000000000000007 /* OnboardingStep.swift */ = {isa = PBXFileReference; lastKnownFileType = sourcecode.swift; path = OnboardingStep.swift; sourceTree = "<group>"; };
		AB10000000000000000000008 /* OnboardingFlow.swift */ = {isa = PBXFileReference; lastKnownFileType = sourcecode.swift; path = OnboardingFlow.swift; sourceTree = "<group>"; };
		AB10000000000000000000009 /* OnboardingCoordinator.swift */ = {isa = PBXFileReference; lastKnownFileType = sourcecode.swift; path = OnboardingCoordinator.swift; sourceTree = "<group>"; };
		AB1000000000000000000000A /* OnboardingView.swift */ = {isa = PBXFileReference; lastKnownFileType = sourcecode.swift; path = OnboardingView.swift; sourceTree = "<group>"; };
		AB1000000000000000000000B /* WelcomeStepView.swift */ = {isa = PBXFileReference; lastKnownFileType = sourcecode.swift; path = WelcomeStepView.swift; sourceTree = "<group>"; };
		AB1000000000000000000000C /* InfoStepView.swift */ = {isa = PBXFileReference; lastKnownFileType = sourcecode.swift; path = InfoStepView.swift; sourceTree = "<group>"; };
		AB1000000000000000000000D /* SingleSelectStepView.swift */ = {isa = PBXFileReference; lastKnownFileType = sourcecode.swift; path = SingleSelectStepView.swift; sourceTree = "<group>"; };
		AB1000000000000000000000E /* MultiSelectStepView.swift */ = {isa = PBXFileReference; lastKnownFileType = sourcecode.swift; path = MultiSelectStepView.swift; sourceTree = "<group>"; };
		AB1000000000000000000000F /* TextInputStepView.swift */ = {isa = PBXFileReference; lastKnownFileType = sourcecode.swift; path = TextInputStepView.swift; sourceTree = "<group>"; };
		AB10000000000000000000010 /* VoicePickerStepView.swift */ = {isa = PBXFileReference; lastKnownFileType = sourcecode.swift; path = VoicePickerStepView.swift; sourceTree = "<group>"; };
		AB10000000000000000000011 /* StreakPreviewStepView.swift */ = {isa = PBXFileReference; lastKnownFileType = sourcecode.swift; path = StreakPreviewStepView.swift; sourceTree = "<group>"; };
		AB10000000000000000000012 /* WordCardPreviewStepView.swift */ = {isa = PBXFileReference; lastKnownFileType = sourcecode.swift; path = WordCardPreviewStepView.swift; sourceTree = "<group>"; };
		AB10000000000000000000013 /* SpeechService.swift */ = {isa = PBXFileReference; lastKnownFileType = sourcecode.swift; path = SpeechService.swift; sourceTree = "<group>"; };
		AB10000000000000000000014 /* Word.swift */ = {isa = PBXFileReference; lastKnownFileType = sourcecode.swift; path = Word.swift; sourceTree = "<group>"; };
		AB10000000000000000000015 /* WordInteraction.swift */ = {isa = PBXFileReference; lastKnownFileType = sourcecode.swift; path = WordInteraction.swift; sourceTree = "<group>"; };
		AB10000000000000000000016 /* APIClient.swift */ = {isa = PBXFileReference; lastKnownFileType = sourcecode.swift; path = APIClient.swift; sourceTree = "<group>"; };
		AB10000000000000000000017 /* MockAPIClient.swift */ = {isa = PBXFileReference; lastKnownFileType = sourcecode.swift; path = MockAPIClient.swift; sourceTree = "<group>"; };
		AB10000000000000000000018 /* URLSessionAPIClient.swift */ = {isa = PBXFileReference; lastKnownFileType = sourcecode.swift; path = URLSessionAPIClient.swift; sourceTree = "<group>"; };
		AB10000000000000000000019 /* WordRepository.swift */ = {isa = PBXFileReference; lastKnownFileType = sourcecode.swift; path = WordRepository.swift; sourceTree = "<group>"; };
		AB1000000000000000000001A /* PersonalizationService.swift */ = {isa = PBXFileReference; lastKnownFileType = sourcecode.swift; path = PersonalizationService.swift; sourceTree = "<group>"; };
		AB1000000000000000000001B /* FeedView.swift */ = {isa = PBXFileReference; lastKnownFileType = sourcecode.swift; path = FeedView.swift; sourceTree = "<group>"; };
		AB1000000000000000000001C /* FeedViewModel.swift */ = {isa = PBXFileReference; lastKnownFileType = sourcecode.swift; path = FeedViewModel.swift; sourceTree = "<group>"; };
		AB1000000000000000000001D /* WordCardView.swift */ = {isa = PBXFileReference; lastKnownFileType = sourcecode.swift; path = WordCardView.swift; sourceTree = "<group>"; };
		AB1000000000000000000001E /* WordDetailSheet.swift */ = {isa = PBXFileReference; lastKnownFileType = sourcecode.swift; path = WordDetailSheet.swift; sourceTree = "<group>"; };
		AB1000000000000000000001F /* ProfileSheet.swift */ = {isa = PBXFileReference; lastKnownFileType = sourcecode.swift; path = ProfileSheet.swift; sourceTree = "<group>"; };
		AB10000000000000000000020 /* words.json */ = {isa = PBXFileReference; lastKnownFileType = text.json; path = words.json; sourceTree = "<group>"; };
		AB10000000000000000000021 /* WordShareSheet.swift */ = {isa = PBXFileReference; lastKnownFileType = sourcecode.swift; path = WordShareSheet.swift; sourceTree = "<group>"; };
		AB10000000000000000000022 /* WordListView.swift */ = {isa = PBXFileReference; lastKnownFileType = sourcecode.swift; path = WordListView.swift; sourceTree = "<group>"; };
		AB10000000000000000000023 /* WordCollection.swift */ = {isa = PBXFileReference; lastKnownFileType = sourcecode.swift; path = WordCollection.swift; sourceTree = "<group>"; };
		AB10000000000000000000024 /* WordRowCard.swift */ = {isa = PBXFileReference; lastKnownFileType = sourcecode.swift; path = WordRowCard.swift; sourceTree = "<group>"; };
		AB10000000000000000000025 /* SearchBar.swift */ = {isa = PBXFileReference; lastKnownFileType = sourcecode.swift; path = SearchBar.swift; sourceTree = "<group>"; };
		AB10000000000000000000026 /* CollectionsListView.swift */ = {isa = PBXFileReference; lastKnownFileType = sourcecode.swift; path = CollectionsListView.swift; sourceTree = "<group>"; };
		AB10000000000000000000027 /* NewCollectionView.swift */ = {isa = PBXFileReference; lastKnownFileType = sourcecode.swift; path = NewCollectionView.swift; sourceTree = "<group>"; };
		AB10000000000000000000028 /* CollectionDetailView.swift */ = {isa = PBXFileReference; lastKnownFileType = sourcecode.swift; path = CollectionDetailView.swift; sourceTree = "<group>"; };
		AB10000000000000000000029 /* CollectionPickerSheet.swift */ = {isa = PBXFileReference; lastKnownFileType = sourcecode.swift; path = CollectionPickerSheet.swift; sourceTree = "<group>"; };
		AB1000000000000000000002A /* BackButton.swift */ = {isa = PBXFileReference; lastKnownFileType = sourcecode.swift; path = BackButton.swift; sourceTree = "<group>"; };
		AB1000000000000000000002B /* PronunciationService.swift */ = {isa = PBXFileReference; lastKnownFileType = sourcecode.swift; path = PronunciationService.swift; sourceTree = "<group>"; };
		AB1000000000000000000002C /* PronunciationCheckView.swift */ = {isa = PBXFileReference; lastKnownFileType = sourcecode.swift; path = PronunciationCheckView.swift; sourceTree = "<group>"; };
		AB1000000000000000000002D /* VoiceList.swift */ = {isa = PBXFileReference; lastKnownFileType = sourcecode.swift; path = VoiceList.swift; sourceTree = "<group>"; };
		AB50000000000000000000001 /* TestSupport.swift */ = {isa = PBXFileReference; lastKnownFileType = sourcecode.swift; path = TestSupport.swift; sourceTree = "<group>"; };
		AB50000000000000000000002 /* PersonalizationServiceTests.swift */ = {isa = PBXFileReference; lastKnownFileType = sourcecode.swift; path = PersonalizationServiceTests.swift; sourceTree = "<group>"; };
		AB50000000000000000000003 /* OnboardingTests.swift */ = {isa = PBXFileReference; lastKnownFileType = sourcecode.swift; path = OnboardingTests.swift; sourceTree = "<group>"; };
		AB50000000000000000000004 /* NetworkingTests.swift */ = {isa = PBXFileReference; lastKnownFileType = sourcecode.swift; path = NetworkingTests.swift; sourceTree = "<group>"; };
		AB50000000000000000000005 /* FeedViewModelTests.swift */ = {isa = PBXFileReference; lastKnownFileType = sourcecode.swift; path = FeedViewModelTests.swift; sourceTree = "<group>"; };
/* End PBXFileReference section */

/* Begin PBXFrameworksBuildPhase section */
		078173F93008468A000ACABA /* Frameworks */ = {
			isa = PBXFrameworksBuildPhase;
			buildActionMask = 2147483647;
			files = (
			);
			runOnlyForDeploymentPostprocessing = 0;
		};
		078174093008468B000ACABA /* Frameworks */ = {
			isa = PBXFrameworksBuildPhase;
			buildActionMask = 2147483647;
			files = (
			);
			runOnlyForDeploymentPostprocessing = 0;
		};
		078174133008468B000ACABA /* Frameworks */ = {
			isa = PBXFrameworksBuildPhase;
			buildActionMask = 2147483647;
			files = (
			);
			runOnlyForDeploymentPostprocessing = 0;
		};
/* End PBXFrameworksBuildPhase section */

/* Begin PBXGroup section */
		078173F33008468A000ACABA = {
			isa = PBXGroup;
			children = (
				078173FE3008468A000ACABA /* VocabularyMVP */,
				0781740F3008468B000ACABA /* VocabularyMVPTests */,
				078174193008468B000ACABA /* VocabularyMVPUITests */,
				078173FD3008468A000ACABA /* Products */,
			);
			sourceTree = "<group>";
		};
		078173FD3008468A000ACABA /* Products */ = {
			isa = PBXGroup;
			children = (
				078173FC3008468A000ACABA /* VocabularyMVP.app */,
				0781740C3008468B000ACABA /* VocabularyMVPTests.xctest */,
				078174163008468B000ACABA /* VocabularyMVPUITests.xctest */,
			);
			name = Products;
			sourceTree = "<group>";
		};
		078173FE3008468A000ACABA /* VocabularyMVP */ = {
			isa = PBXGroup;
			children = (
				078173FF3008468A000ACABA /* VocabularyMVPApp.swift */,
				AB10000000000000000000001 /* RootView.swift */,
				AB30000000000000000000001 /* DesignSystem */,
				AB30000000000000000000002 /* Onboarding */,
				AB30000000000000000000008 /* Feed */,
				AB30000000000000000000005 /* Models */,
				AB30000000000000000000006 /* Networking */,
				AB30000000000000000000007 /* Repositories */,
				AB30000000000000000000004 /* Services */,
				AB30000000000000000000009 /* Resources */,
				078174033008468B000ACABA /* Assets.xcassets */,
				078174053008468B000ACABA /* Preview Content */,
			);
			path = VocabularyMVP;
			sourceTree = "<group>";
		};
		078174053008468B000ACABA /* Preview Content */ = {
			isa = PBXGroup;
			children = (
				078174063008468B000ACABA /* Preview Assets.xcassets */,
			);
			path = "Preview Content";
			sourceTree = "<group>";
		};
		0781740F3008468B000ACABA /* VocabularyMVPTests */ = {
			isa = PBXGroup;
			children = (
				078174103008468B000ACABA /* VocabularyMVPTests.swift */,
				AB50000000000000000000001 /* TestSupport.swift */,
				AB50000000000000000000002 /* PersonalizationServiceTests.swift */,
				AB50000000000000000000003 /* OnboardingTests.swift */,
				AB50000000000000000000004 /* NetworkingTests.swift */,
				AB50000000000000000000005 /* FeedViewModelTests.swift */,
			);
			path = VocabularyMVPTests;
			sourceTree = "<group>";
		};
		078174193008468B000ACABA /* VocabularyMVPUITests */ = {
			isa = PBXGroup;
			children = (
				0781741A3008468B000ACABA /* VocabularyMVPUITests.swift */,
				0781741C3008468B000ACABA /* VocabularyMVPUITestsLaunchTests.swift */,
			);
			path = VocabularyMVPUITests;
			sourceTree = "<group>";
		};
		AB30000000000000000000001 /* DesignSystem */ = {
			isa = PBXGroup;
			children = (
				AB10000000000000000000002 /* Theme.swift */,
				AB10000000000000000000003 /* Haptics.swift */,
				AB10000000000000000000004 /* PrimaryButtonStyle.swift */,
				AB10000000000000000000005 /* SelectableRow.swift */,
				AB10000000000000000000025 /* SearchBar.swift */,
				AB1000000000000000000002D /* VoiceList.swift */,
				AB1000000000000000000002A /* BackButton.swift */,
			);
			path = DesignSystem;
			sourceTree = "<group>";
		};
		AB30000000000000000000002 /* Onboarding */ = {
			isa = PBXGroup;
			children = (
				AB10000000000000000000006 /* OnboardingProfile.swift */,
				AB10000000000000000000007 /* OnboardingStep.swift */,
				AB10000000000000000000008 /* OnboardingFlow.swift */,
				AB10000000000000000000009 /* OnboardingCoordinator.swift */,
				AB1000000000000000000000A /* OnboardingView.swift */,
				AB30000000000000000000003 /* Templates */,
			);
			path = Onboarding;
			sourceTree = "<group>";
		};
		AB30000000000000000000003 /* Templates */ = {
			isa = PBXGroup;
			children = (
				AB1000000000000000000000B /* WelcomeStepView.swift */,
				AB1000000000000000000000C /* InfoStepView.swift */,
				AB1000000000000000000000D /* SingleSelectStepView.swift */,
				AB1000000000000000000000E /* MultiSelectStepView.swift */,
				AB1000000000000000000000F /* TextInputStepView.swift */,
				AB10000000000000000000010 /* VoicePickerStepView.swift */,
				AB10000000000000000000011 /* StreakPreviewStepView.swift */,
				AB10000000000000000000012 /* WordCardPreviewStepView.swift */,
			);
			path = Templates;
			sourceTree = "<group>";
		};
		AB30000000000000000000004 /* Services */ = {
			isa = PBXGroup;
			children = (
				AB10000000000000000000013 /* SpeechService.swift */,
				AB1000000000000000000001A /* PersonalizationService.swift */,
				AB1000000000000000000002B /* PronunciationService.swift */,
			);
			path = Services;
			sourceTree = "<group>";
		};
		AB30000000000000000000005 /* Models */ = {
			isa = PBXGroup;
			children = (
				AB10000000000000000000014 /* Word.swift */,
				AB10000000000000000000015 /* WordInteraction.swift */,
				AB10000000000000000000023 /* WordCollection.swift */,
			);
			path = Models;
			sourceTree = "<group>";
		};
		AB30000000000000000000006 /* Networking */ = {
			isa = PBXGroup;
			children = (
				AB10000000000000000000016 /* APIClient.swift */,
				AB10000000000000000000017 /* MockAPIClient.swift */,
				AB10000000000000000000018 /* URLSessionAPIClient.swift */,
			);
			path = Networking;
			sourceTree = "<group>";
		};
		AB30000000000000000000007 /* Repositories */ = {
			isa = PBXGroup;
			children = (
				AB10000000000000000000019 /* WordRepository.swift */,
			);
			path = Repositories;
			sourceTree = "<group>";
		};
		AB30000000000000000000008 /* Feed */ = {
			isa = PBXGroup;
			children = (
				AB1000000000000000000001B /* FeedView.swift */,
				AB1000000000000000000001C /* FeedViewModel.swift */,
				AB1000000000000000000001D /* WordCardView.swift */,
				AB1000000000000000000001E /* WordDetailSheet.swift */,
				AB1000000000000000000001F /* ProfileSheet.swift */,
				AB10000000000000000000021 /* WordShareSheet.swift */,
				AB10000000000000000000022 /* WordListView.swift */,
				AB10000000000000000000024 /* WordRowCard.swift */,
				AB10000000000000000000026 /* CollectionsListView.swift */,
				AB10000000000000000000027 /* NewCollectionView.swift */,
				AB10000000000000000000028 /* CollectionDetailView.swift */,
				AB10000000000000000000029 /* CollectionPickerSheet.swift */,
				AB1000000000000000000002C /* PronunciationCheckView.swift */,
			);
			path = Feed;
			sourceTree = "<group>";
		};
		AB30000000000000000000009 /* Resources */ = {
			isa = PBXGroup;
			children = (
				AB3000000000000000000000A /* Fixtures */,
			);
			path = Resources;
			sourceTree = "<group>";
		};
		AB3000000000000000000000A /* Fixtures */ = {
			isa = PBXGroup;
			children = (
				AB10000000000000000000020 /* words.json */,
			);
			path = Fixtures;
			sourceTree = "<group>";
		};
/* End PBXGroup section */

/* Begin PBXNativeTarget section */
		078173FB3008468A000ACABA /* VocabularyMVP */ = {
			isa = PBXNativeTarget;
			buildConfigurationList = 078174203008468B000ACABA /* Build configuration list for PBXNativeTarget "VocabularyMVP" */;
			buildPhases = (
				078173F83008468A000ACABA /* Sources */,
				078173F93008468A000ACABA /* Frameworks */,
				078173FA3008468A000ACABA /* Resources */,
			);
			buildRules = (
			);
			dependencies = (
			);
			name = VocabularyMVP;
			productName = VocabularyMVP;
			productReference = 078173FC3008468A000ACABA /* VocabularyMVP.app */;
			productType = "com.apple.product-type.application";
		};
		0781740B3008468B000ACABA /* VocabularyMVPTests */ = {
			isa = PBXNativeTarget;
			buildConfigurationList = 078174233008468B000ACABA /* Build configuration list for PBXNativeTarget "VocabularyMVPTests" */;
			buildPhases = (
				078174083008468B000ACABA /* Sources */,
				078174093008468B000ACABA /* Frameworks */,
				0781740A3008468B000ACABA /* Resources */,
			);
			buildRules = (
			);
			dependencies = (
				0781740E3008468B000ACABA /* PBXTargetDependency */,
			);
			name = VocabularyMVPTests;
			productName = VocabularyMVPTests;
			productReference = 0781740C3008468B000ACABA /* VocabularyMVPTests.xctest */;
			productType = "com.apple.product-type.bundle.unit-test";
		};
		078174153008468B000ACABA /* VocabularyMVPUITests */ = {
			isa = PBXNativeTarget;
			buildConfigurationList = 078174263008468B000ACABA /* Build configuration list for PBXNativeTarget "VocabularyMVPUITests" */;
			buildPhases = (
				078174123008468B000ACABA /* Sources */,
				078174133008468B000ACABA /* Frameworks */,
				078174143008468B000ACABA /* Resources */,
			);
			buildRules = (
			);
			dependencies = (
				078174183008468B000ACABA /* PBXTargetDependency */,
			);
			name = VocabularyMVPUITests;
			productName = VocabularyMVPUITests;
			productReference = 078174163008468B000ACABA /* VocabularyMVPUITests.xctest */;
			productType = "com.apple.product-type.bundle.ui-testing";
		};
/* End PBXNativeTarget section */

/* Begin PBXProject section */
		078173F43008468A000ACABA /* Project object */ = {
			isa = PBXProject;
			attributes = {
				BuildIndependentTargetsInParallel = 1;
				LastSwiftUpdateCheck = 1520;
				LastUpgradeCheck = 1520;
				TargetAttributes = {
					078173FB3008468A000ACABA = {
						CreatedOnToolsVersion = 15.2;
					};
					0781740B3008468B000ACABA = {
						CreatedOnToolsVersion = 15.2;
						TestTargetID = 078173FB3008468A000ACABA;
					};
					078174153008468B000ACABA = {
						CreatedOnToolsVersion = 15.2;
						TestTargetID = 078173FB3008468A000ACABA;
					};
				};
			};
			buildConfigurationList = 078173F73008468A000ACABA /* Build configuration list for PBXProject "VocabularyMVP" */;
			compatibilityVersion = "Xcode 14.0";
			developmentRegion = en;
			hasScannedForEncodings = 0;
			knownRegions = (
				en,
				Base,
			);
			mainGroup = 078173F33008468A000ACABA;
			productRefGroup = 078173FD3008468A000ACABA /* Products */;
			projectDirPath = "";
			projectRoot = "";
			targets = (
				078173FB3008468A000ACABA /* VocabularyMVP */,
				0781740B3008468B000ACABA /* VocabularyMVPTests */,
				078174153008468B000ACABA /* VocabularyMVPUITests */,
			);
		};
/* End PBXProject section */

/* Begin PBXResourcesBuildPhase section */
		078173FA3008468A000ACABA /* Resources */ = {
			isa = PBXResourcesBuildPhase;
			buildActionMask = 2147483647;
			files = (
				078174073008468B000ACABA /* Preview Assets.xcassets in Resources */,
				078174043008468B000ACABA /* Assets.xcassets in Resources */,
				AB20000000000000000000020 /* words.json in Resources */,
			);
			runOnlyForDeploymentPostprocessing = 0;
		};
		0781740A3008468B000ACABA /* Resources */ = {
			isa = PBXResourcesBuildPhase;
			buildActionMask = 2147483647;
			files = (
			);
			runOnlyForDeploymentPostprocessing = 0;
		};
		078174143008468B000ACABA /* Resources */ = {
			isa = PBXResourcesBuildPhase;
			buildActionMask = 2147483647;
			files = (
			);
			runOnlyForDeploymentPostprocessing = 0;
		};
/* End PBXResourcesBuildPhase section */

/* Begin PBXSourcesBuildPhase section */
		078173F83008468A000ACABA /* Sources */ = {
			isa = PBXSourcesBuildPhase;
			buildActionMask = 2147483647;
			files = (
				078174003008468A000ACABA /* VocabularyMVPApp.swift in Sources */,
				AB20000000000000000000001 /* RootView.swift in Sources */,
				AB20000000000000000000002 /* Theme.swift in Sources */,
				AB20000000000000000000003 /* Haptics.swift in Sources */,
				AB20000000000000000000004 /* PrimaryButtonStyle.swift in Sources */,
				AB20000000000000000000005 /* SelectableRow.swift in Sources */,
				AB20000000000000000000006 /* OnboardingProfile.swift in Sources */,
				AB20000000000000000000007 /* OnboardingStep.swift in Sources */,
				AB20000000000000000000008 /* OnboardingFlow.swift in Sources */,
				AB20000000000000000000009 /* OnboardingCoordinator.swift in Sources */,
				AB2000000000000000000000A /* OnboardingView.swift in Sources */,
				AB2000000000000000000000B /* WelcomeStepView.swift in Sources */,
				AB2000000000000000000000C /* InfoStepView.swift in Sources */,
				AB2000000000000000000000D /* SingleSelectStepView.swift in Sources */,
				AB2000000000000000000000E /* MultiSelectStepView.swift in Sources */,
				AB2000000000000000000000F /* TextInputStepView.swift in Sources */,
				AB20000000000000000000010 /* VoicePickerStepView.swift in Sources */,
				AB20000000000000000000011 /* StreakPreviewStepView.swift in Sources */,
				AB20000000000000000000012 /* WordCardPreviewStepView.swift in Sources */,
				AB20000000000000000000013 /* SpeechService.swift in Sources */,
				AB20000000000000000000014 /* Word.swift in Sources */,
				AB20000000000000000000015 /* WordInteraction.swift in Sources */,
				AB20000000000000000000016 /* APIClient.swift in Sources */,
				AB20000000000000000000017 /* MockAPIClient.swift in Sources */,
				AB20000000000000000000018 /* URLSessionAPIClient.swift in Sources */,
				AB20000000000000000000019 /* WordRepository.swift in Sources */,
				AB2000000000000000000001A /* PersonalizationService.swift in Sources */,
				AB2000000000000000000001B /* FeedView.swift in Sources */,
				AB2000000000000000000001C /* FeedViewModel.swift in Sources */,
				AB2000000000000000000001D /* WordCardView.swift in Sources */,
				AB2000000000000000000001E /* WordDetailSheet.swift in Sources */,
				AB2000000000000000000001F /* ProfileSheet.swift in Sources */,
				AB20000000000000000000021 /* WordShareSheet.swift in Sources */,
				AB20000000000000000000022 /* WordListView.swift in Sources */,
				AB20000000000000000000023 /* WordCollection.swift in Sources */,
				AB20000000000000000000024 /* WordRowCard.swift in Sources */,
				AB20000000000000000000025 /* SearchBar.swift in Sources */,
				AB20000000000000000000026 /* CollectionsListView.swift in Sources */,
				AB20000000000000000000027 /* NewCollectionView.swift in Sources */,
				AB20000000000000000000028 /* CollectionDetailView.swift in Sources */,
				AB20000000000000000000029 /* CollectionPickerSheet.swift in Sources */,
				AB2000000000000000000002A /* BackButton.swift in Sources */,
				AB2000000000000000000002B /* PronunciationService.swift in Sources */,
				AB2000000000000000000002C /* PronunciationCheckView.swift in Sources */,
				AB2000000000000000000002D /* VoiceList.swift in Sources */,
			);
			runOnlyForDeploymentPostprocessing = 0;
		};
		078174083008468B000ACABA /* Sources */ = {
			isa = PBXSourcesBuildPhase;
			buildActionMask = 2147483647;
			files = (
				078174113008468B000ACABA /* VocabularyMVPTests.swift in Sources */,
				AB60000000000000000000001 /* TestSupport.swift in Sources */,
				AB60000000000000000000002 /* PersonalizationServiceTests.swift in Sources */,
				AB60000000000000000000003 /* OnboardingTests.swift in Sources */,
				AB60000000000000000000004 /* NetworkingTests.swift in Sources */,
				AB60000000000000000000005 /* FeedViewModelTests.swift in Sources */,
			);
			runOnlyForDeploymentPostprocessing = 0;
		};
		078174123008468B000ACABA /* Sources */ = {
			isa = PBXSourcesBuildPhase;
			buildActionMask = 2147483647;
			files = (
				0781741D3008468B000ACABA /* VocabularyMVPUITestsLaunchTests.swift in Sources */,
				0781741B3008468B000ACABA /* VocabularyMVPUITests.swift in Sources */,
			);
			runOnlyForDeploymentPostprocessing = 0;
		};
/* End PBXSourcesBuildPhase section */

/* Begin PBXTargetDependency section */
		0781740E3008468B000ACABA /* PBXTargetDependency */ = {
			isa = PBXTargetDependency;
			target = 078173FB3008468A000ACABA /* VocabularyMVP */;
			targetProxy = 0781740D3008468B000ACABA /* PBXContainerItemProxy */;
		};
		078174183008468B000ACABA /* PBXTargetDependency */ = {
			isa = PBXTargetDependency;
			target = 078173FB3008468A000ACABA /* VocabularyMVP */;
			targetProxy = 078174173008468B000ACABA /* PBXContainerItemProxy */;
		};
/* End PBXTargetDependency section */

/* Begin XCBuildConfiguration section */
		0781741E3008468B000ACABA /* Debug */ = {
			isa = XCBuildConfiguration;
			buildSettings = {
				ALWAYS_SEARCH_USER_PATHS = NO;
				ASSETCATALOG_COMPILER_GENERATE_SWIFT_ASSET_SYMBOL_EXTENSIONS = YES;
				CLANG_ANALYZER_NONNULL = YES;
				CLANG_ANALYZER_NUMBER_OBJECT_CONVERSION = YES_AGGRESSIVE;
				CLANG_CXX_LANGUAGE_STANDARD = "gnu++20";
				CLANG_ENABLE_MODULES = YES;
				CLANG_ENABLE_OBJC_ARC = YES;
				CLANG_ENABLE_OBJC_WEAK = YES;
				CLANG_WARN_BLOCK_CAPTURE_AUTORELEASING = YES;
				CLANG_WARN_BOOL_CONVERSION = YES;
				CLANG_WARN_COMMA = YES;
				CLANG_WARN_CONSTANT_CONVERSION = YES;
				CLANG_WARN_DEPRECATED_OBJC_IMPLEMENTATIONS = YES;
				CLANG_WARN_DIRECT_OBJC_ISA_USAGE = YES_ERROR;
				CLANG_WARN_DOCUMENTATION_COMMENTS = YES;
				CLANG_WARN_EMPTY_BODY = YES;
				CLANG_WARN_ENUM_CONVERSION = YES;
				CLANG_WARN_INFINITE_RECURSION = YES;
				CLANG_WARN_INT_CONVERSION = YES;
				CLANG_WARN_NON_LITERAL_NULL_CONVERSION = YES;
				CLANG_WARN_OBJC_IMPLICIT_RETAIN_SELF = YES;
				CLANG_WARN_OBJC_LITERAL_CONVERSION = YES;
				CLANG_WARN_OBJC_ROOT_CLASS = YES_ERROR;
				CLANG_WARN_QUOTED_INCLUDE_IN_FRAMEWORK_HEADER = YES;
				CLANG_WARN_RANGE_LOOP_ANALYSIS = YES;
				CLANG_WARN_STRICT_PROTOTYPES = YES;
				CLANG_WARN_SUSPICIOUS_MOVE = YES;
				CLANG_WARN_UNGUARDED_AVAILABILITY = YES_AGGRESSIVE;
				CLANG_WARN_UNREACHABLE_CODE = YES;
				CLANG_WARN__DUPLICATE_METHOD_MATCH = YES;
				COPY_PHASE_STRIP = NO;
				DEBUG_INFORMATION_FORMAT = dwarf;
				ENABLE_STRICT_OBJC_MSGSEND = YES;
				ENABLE_TESTABILITY = YES;
				ENABLE_USER_SCRIPT_SANDBOXING = YES;
				GCC_C_LANGUAGE_STANDARD = gnu17;
				GCC_DYNAMIC_NO_PIC = NO;
				GCC_NO_COMMON_BLOCKS = YES;
				GCC_OPTIMIZATION_LEVEL = 0;
				GCC_PREPROCESSOR_DEFINITIONS = (
					"DEBUG=1",
					"$(inherited)",
				);
				GCC_WARN_64_TO_32_BIT_CONVERSION = YES;
				GCC_WARN_ABOUT_RETURN_TYPE = YES_ERROR;
				GCC_WARN_UNDECLARED_SELECTOR = YES;
				GCC_WARN_UNINITIALIZED_AUTOS = YES_AGGRESSIVE;
				GCC_WARN_UNUSED_FUNCTION = YES;
				GCC_WARN_UNUSED_VARIABLE = YES;
				IPHONEOS_DEPLOYMENT_TARGET = 17.2;
				LOCALIZATION_PREFERS_STRING_CATALOGS = YES;
				MTL_ENABLE_DEBUG_INFO = INCLUDE_SOURCE;
				MTL_FAST_MATH = YES;
				ONLY_ACTIVE_ARCH = YES;
				SDKROOT = iphoneos;
				SWIFT_ACTIVE_COMPILATION_CONDITIONS = "DEBUG $(inherited)";
				SWIFT_OPTIMIZATION_LEVEL = "-Onone";
			};
			name = Debug;
		};
		0781741F3008468B000ACABA /* Release */ = {
			isa = XCBuildConfiguration;
			buildSettings = {
				ALWAYS_SEARCH_USER_PATHS = NO;
				ASSETCATALOG_COMPILER_GENERATE_SWIFT_ASSET_SYMBOL_EXTENSIONS = YES;
				CLANG_ANALYZER_NONNULL = YES;
				CLANG_ANALYZER_NUMBER_OBJECT_CONVERSION = YES_AGGRESSIVE;
				CLANG_CXX_LANGUAGE_STANDARD = "gnu++20";
				CLANG_ENABLE_MODULES = YES;
				CLANG_ENABLE_OBJC_ARC = YES;
				CLANG_ENABLE_OBJC_WEAK = YES;
				CLANG_WARN_BLOCK_CAPTURE_AUTORELEASING = YES;
				CLANG_WARN_BOOL_CONVERSION = YES;
				CLANG_WARN_COMMA = YES;
				CLANG_WARN_CONSTANT_CONVERSION = YES;
				CLANG_WARN_DEPRECATED_OBJC_IMPLEMENTATIONS = YES;
				CLANG_WARN_DIRECT_OBJC_ISA_USAGE = YES_ERROR;
				CLANG_WARN_DOCUMENTATION_COMMENTS = YES;
				CLANG_WARN_EMPTY_BODY = YES;
				CLANG_WARN_ENUM_CONVERSION = YES;
				CLANG_WARN_INFINITE_RECURSION = YES;
				CLANG_WARN_INT_CONVERSION = YES;
				CLANG_WARN_NON_LITERAL_NULL_CONVERSION = YES;
				CLANG_WARN_OBJC_IMPLICIT_RETAIN_SELF = YES;
				CLANG_WARN_OBJC_LITERAL_CONVERSION = YES;
				CLANG_WARN_OBJC_ROOT_CLASS = YES_ERROR;
				CLANG_WARN_QUOTED_INCLUDE_IN_FRAMEWORK_HEADER = YES;
				CLANG_WARN_RANGE_LOOP_ANALYSIS = YES;
				CLANG_WARN_STRICT_PROTOTYPES = YES;
				CLANG_WARN_SUSPICIOUS_MOVE = YES;
				CLANG_WARN_UNGUARDED_AVAILABILITY = YES_AGGRESSIVE;
				CLANG_WARN_UNREACHABLE_CODE = YES;
				CLANG_WARN__DUPLICATE_METHOD_MATCH = YES;
				COPY_PHASE_STRIP = NO;
				DEBUG_INFORMATION_FORMAT = "dwarf-with-dsym";
				ENABLE_NS_ASSERTIONS = NO;
				ENABLE_STRICT_OBJC_MSGSEND = YES;
				ENABLE_USER_SCRIPT_SANDBOXING = YES;
				GCC_C_LANGUAGE_STANDARD = gnu17;
				GCC_NO_COMMON_BLOCKS = YES;
				GCC_WARN_64_TO_32_BIT_CONVERSION = YES;
				GCC_WARN_ABOUT_RETURN_TYPE = YES_ERROR;
				GCC_WARN_UNDECLARED_SELECTOR = YES;
				GCC_WARN_UNINITIALIZED_AUTOS = YES_AGGRESSIVE;
				GCC_WARN_UNUSED_FUNCTION = YES;
				GCC_WARN_UNUSED_VARIABLE = YES;
				IPHONEOS_DEPLOYMENT_TARGET = 17.2;
				LOCALIZATION_PREFERS_STRING_CATALOGS = YES;
				MTL_ENABLE_DEBUG_INFO = NO;
				MTL_FAST_MATH = YES;
				SDKROOT = iphoneos;
				SWIFT_COMPILATION_MODE = wholemodule;
				VALIDATE_PRODUCT = YES;
			};
			name = Release;
		};
		078174213008468B000ACABA /* Debug */ = {
			isa = XCBuildConfiguration;
			buildSettings = {
				ASSETCATALOG_COMPILER_APPICON_NAME = AppIcon;
				ASSETCATALOG_COMPILER_GLOBAL_ACCENT_COLOR_NAME = AccentColor;
				CODE_SIGN_IDENTITY = "Apple Development";
				CODE_SIGN_STYLE = Automatic;
				CURRENT_PROJECT_VERSION = 1;
				DEVELOPMENT_ASSET_PATHS = "\"VocabularyMVP/Preview Content\"";
				DEVELOPMENT_TEAM = KJJ2686DAT;
				ENABLE_PREVIEWS = YES;
				GENERATE_INFOPLIST_FILE = YES;
				INFOPLIST_KEY_NSMicrophoneUsageDescription = "Lets you say a word aloud to practice your pronunciation.";
				INFOPLIST_KEY_NSPhotoLibraryAddUsageDescription = "Saves word cards you share to your photo library.";
				INFOPLIST_KEY_NSSpeechRecognitionUsageDescription = "Transcribes what you say to check your pronunciation of a word.";
				INFOPLIST_KEY_UIApplicationSceneManifest_Generation = YES;
				INFOPLIST_KEY_UIApplicationSupportsIndirectInputEvents = YES;
				INFOPLIST_KEY_UILaunchScreen_Generation = YES;
				INFOPLIST_KEY_UISupportedInterfaceOrientations_iPad = "UIInterfaceOrientationPortrait UIInterfaceOrientationPortraitUpsideDown UIInterfaceOrientationLandscapeLeft UIInterfaceOrientationLandscapeRight";
				INFOPLIST_KEY_UISupportedInterfaceOrientations_iPhone = "UIInterfaceOrientationPortrait UIInterfaceOrientationLandscapeLeft UIInterfaceOrientationLandscapeRight";
				LD_RUNPATH_SEARCH_PATHS = (
					"$(inherited)",
					"@executable_path/Frameworks",
				);
				MARKETING_VERSION = 1.0;
				PRODUCT_BUNDLE_IDENTIFIER = moataz.VocabularyMVP;
				PRODUCT_NAME = "$(TARGET_NAME)";
				PROVISIONING_PROFILE_SPECIFIER = "";
				SWIFT_EMIT_LOC_STRINGS = YES;
				SWIFT_VERSION = 5.0;
				TARGETED_DEVICE_FAMILY = "1,2";
			};
			name = Debug;
		};
		078174223008468B000ACABA /* Release */ = {
			isa = XCBuildConfiguration;
			buildSettings = {
				ASSETCATALOG_COMPILER_APPICON_NAME = AppIcon;
				ASSETCATALOG_COMPILER_GLOBAL_ACCENT_COLOR_NAME = AccentColor;
				CODE_SIGN_IDENTITY = "Apple Development";
				CODE_SIGN_STYLE = Automatic;
				CURRENT_PROJECT_VERSION = 1;
				DEVELOPMENT_ASSET_PATHS = "\"VocabularyMVP/Preview Content\"";
				DEVELOPMENT_TEAM = KJJ2686DAT;
				ENABLE_PREVIEWS = YES;
				GENERATE_INFOPLIST_FILE = YES;
				INFOPLIST_KEY_NSMicrophoneUsageDescription = "Lets you say a word aloud to practice your pronunciation.";
				INFOPLIST_KEY_NSPhotoLibraryAddUsageDescription = "Saves word cards you share to your photo library.";
				INFOPLIST_KEY_NSSpeechRecognitionUsageDescription = "Transcribes what you say to check your pronunciation of a word.";
				INFOPLIST_KEY_UIApplicationSceneManifest_Generation = YES;
				INFOPLIST_KEY_UIApplicationSupportsIndirectInputEvents = YES;
				INFOPLIST_KEY_UILaunchScreen_Generation = YES;
				INFOPLIST_KEY_UISupportedInterfaceOrientations_iPad = "UIInterfaceOrientationPortrait UIInterfaceOrientationPortraitUpsideDown UIInterfaceOrientationLandscapeLeft UIInterfaceOrientationLandscapeRight";
				INFOPLIST_KEY_UISupportedInterfaceOrientations_iPhone = "UIInterfaceOrientationPortrait UIInterfaceOrientationLandscapeLeft UIInterfaceOrientationLandscapeRight";
				LD_RUNPATH_SEARCH_PATHS = (
					"$(inherited)",
					"@executable_path/Frameworks",
				);
				MARKETING_VERSION = 1.0;
				PRODUCT_BUNDLE_IDENTIFIER = moataz.VocabularyMVP;
				PRODUCT_NAME = "$(TARGET_NAME)";
				PROVISIONING_PROFILE_SPECIFIER = "";
				SWIFT_EMIT_LOC_STRINGS = YES;
				SWIFT_VERSION = 5.0;
				TARGETED_DEVICE_FAMILY = "1,2";
			};
			name = Release;
		};
		078174243008468B000ACABA /* Debug */ = {
			isa = XCBuildConfiguration;
			buildSettings = {
				ALWAYS_EMBED_SWIFT_STANDARD_LIBRARIES = YES;
				BUNDLE_LOADER = "$(TEST_HOST)";
				CODE_SIGN_STYLE = Automatic;
				CURRENT_PROJECT_VERSION = 1;
				DEVELOPMENT_TEAM = KJJ2686DAT;
				GENERATE_INFOPLIST_FILE = YES;
				IPHONEOS_DEPLOYMENT_TARGET = 17.2;
				MARKETING_VERSION = 1.0;
				PRODUCT_BUNDLE_IDENTIFIER = moataz.VocabularyMVPTests;
				PRODUCT_NAME = "$(TARGET_NAME)";
				SWIFT_EMIT_LOC_STRINGS = NO;
				SWIFT_VERSION = 5.0;
				TARGETED_DEVICE_FAMILY = "1,2";
				TEST_HOST = "$(BUILT_PRODUCTS_DIR)/VocabularyMVP.app/$(BUNDLE_EXECUTABLE_FOLDER_PATH)/VocabularyMVP";
			};
			name = Debug;
		};
		078174253008468B000ACABA /* Release */ = {
			isa = XCBuildConfiguration;
			buildSettings = {
				ALWAYS_EMBED_SWIFT_STANDARD_LIBRARIES = YES;
				BUNDLE_LOADER = "$(TEST_HOST)";
				CODE_SIGN_STYLE = Automatic;
				CURRENT_PROJECT_VERSION = 1;
				DEVELOPMENT_TEAM = KJJ2686DAT;
				GENERATE_INFOPLIST_FILE = YES;
				IPHONEOS_DEPLOYMENT_TARGET = 17.2;
				MARKETING_VERSION = 1.0;
				PRODUCT_BUNDLE_IDENTIFIER = moataz.VocabularyMVPTests;
				PRODUCT_NAME = "$(TARGET_NAME)";
				SWIFT_EMIT_LOC_STRINGS = NO;
				SWIFT_VERSION = 5.0;
				TARGETED_DEVICE_FAMILY = "1,2";
				TEST_HOST = "$(BUILT_PRODUCTS_DIR)/VocabularyMVP.app/$(BUNDLE_EXECUTABLE_FOLDER_PATH)/VocabularyMVP";
			};
			name = Release;
		};
		078174273008468B000ACABA /* Debug */ = {
			isa = XCBuildConfiguration;
			buildSettings = {
				ALWAYS_EMBED_SWIFT_STANDARD_LIBRARIES = YES;
				CODE_SIGN_STYLE = Automatic;
				CURRENT_PROJECT_VERSION = 1;
				DEVELOPMENT_TEAM = KJJ2686DAT;
				GENERATE_INFOPLIST_FILE = YES;
				MARKETING_VERSION = 1.0;
				PRODUCT_BUNDLE_IDENTIFIER = moataz.VocabularyMVPUITests;
				PRODUCT_NAME = "$(TARGET_NAME)";
				SWIFT_EMIT_LOC_STRINGS = NO;
				SWIFT_VERSION = 5.0;
				TARGETED_DEVICE_FAMILY = "1,2";
				TEST_TARGET_NAME = VocabularyMVP;
			};
			name = Debug;
		};
		078174283008468B000ACABA /* Release */ = {
			isa = XCBuildConfiguration;
			buildSettings = {
				ALWAYS_EMBED_SWIFT_STANDARD_LIBRARIES = YES;
				CODE_SIGN_STYLE = Automatic;
				CURRENT_PROJECT_VERSION = 1;
				DEVELOPMENT_TEAM = KJJ2686DAT;
				GENERATE_INFOPLIST_FILE = YES;
				MARKETING_VERSION = 1.0;
				PRODUCT_BUNDLE_IDENTIFIER = moataz.VocabularyMVPUITests;
				PRODUCT_NAME = "$(TARGET_NAME)";
				SWIFT_EMIT_LOC_STRINGS = NO;
				SWIFT_VERSION = 5.0;
				TARGETED_DEVICE_FAMILY = "1,2";
				TEST_TARGET_NAME = VocabularyMVP;
			};
			name = Release;
		};
/* End XCBuildConfiguration section */

/* Begin XCConfigurationList section */
		078173F73008468A000ACABA /* Build configuration list for PBXProject "VocabularyMVP" */ = {
			isa = XCConfigurationList;
			buildConfigurations = (
				0781741E3008468B000ACABA /* Debug */,
				0781741F3008468B000ACABA /* Release */,
			);
			defaultConfigurationIsVisible = 0;
			defaultConfigurationName = Release;
		};
		078174203008468B000ACABA /* Build configuration list for PBXNativeTarget "VocabularyMVP" */ = {
			isa = XCConfigurationList;
			buildConfigurations = (
				078174213008468B000ACABA /* Debug */,
				078174223008468B000ACABA /* Release */,
			);
			defaultConfigurationIsVisible = 0;
			defaultConfigurationName = Release;
		};
		078174233008468B000ACABA /* Build configuration list for PBXNativeTarget "VocabularyMVPTests" */ = {
			isa = XCConfigurationList;
			buildConfigurations = (
				078174243008468B000ACABA /* Debug */,
				078174253008468B000ACABA /* Release */,
			);
			defaultConfigurationIsVisible = 0;
			defaultConfigurationName = Release;
		};
		078174263008468B000ACABA /* Build configuration list for PBXNativeTarget "VocabularyMVPUITests" */ = {
			isa = XCConfigurationList;
			buildConfigurations = (
				078174273008468B000ACABA /* Debug */,
				078174283008468B000ACABA /* Release */,
			);
			defaultConfigurationIsVisible = 0;
			defaultConfigurationName = Release;
		};
/* End XCConfigurationList section */
	};
	rootObject = 078173F43008468A000ACABA /* Project object */;
}
